// !$*UTF8*$!
{
	archiveVersion = 1;
	classes = {
	};
	objectVersion = 56;
	objects = {

/* Begin PBXBuildFile section */
		FD81D4B62B6F39B40019F4CE /* RealityKitContent in Frameworks */ = {isa = PBXBuildFile; productRef = FD81D4B52B6F39B40019F4CE /* RealityKitContent */; };
		FD81D4B82B6F39B40019F4CE /* TestVisionOSApp.swift in Sources */ = {isa = PBXBuildFile; fileRef = FD81D4B72B6F39B40019F4CE /* TestVisionOSApp.swift */; };
		FD81D4BA2B6F39B40019F4CE /* ContentView.swift in Sources */ = {isa = PBXBuildFile; fileRef = FD81D4B92B6F39B40019F4CE /* ContentView.swift */; };
		FD81D4BC2B6F39B40019F4CE /* ImmersiveView.swift in Sources */ = {isa = PBXBuildFile; fileRef = FD81D4BB2B6F39B40019F4CE /* ImmersiveView.swift */; };
		FD81D4BE2B6F39B40019F4CE /* ImageBasedLighting.skybox in Resources */ = {isa = PBXBuildFile; fileRef = FD81D4BD2B6F39B40019F4CE /* ImageBasedLighting.skybox */; };
		FD81D4C02B6F39B50019F4CE /* Assets.xcassets in Resources */ = {isa = PBXBuildFile; fileRef = FD81D4BF2B6F39B50019F4CE /* Assets.xcassets */; };
		FD81D4C32B6F39B50019F4CE /* Preview Assets.xcassets in Resources */ = {isa = PBXBuildFile; fileRef = FD81D4C22B6F39B50019F4CE /* Preview Assets.xcassets */; };
/* End PBXBuildFile section */

/* Begin PBXFileReference section */
		FD81D4B02B6F39B40019F4CE /* TestVisionOS.app */ = {isa = PBXFileReference; explicitFileType = wrapper.application; includeInIndex = 0; path = TestVisionOS.app; sourceTree = BUILT_PRODUCTS_DIR; };
		FD81D4B42B6F39B40019F4CE /* RealityKitContent */ = {isa = PBXFileReference; lastKnownFileType = wrapper; path = RealityKitContent; sourceTree = "<group>"; };
		FD81D4B72B6F39B40019F4CE /* TestVisionOSApp.swift */ = {isa = PBXFileReference; lastKnownFileType = sourcecode.swift; path = TestVisionOSApp.swift; sourceTree = "<group>"; };
		FD81D4B92B6F39B40019F4CE /* ContentView.swift */ = {isa = PBXFileReference; lastKnownFileType = sourcecode.swift; path = ContentView.swift; sourceTree = "<group>"; };
		FD81D4BB2B6F39B40019F4CE /* ImmersiveView.swift */ = {isa = PBXFileReference; lastKnownFileType = sourcecode.swift; path = ImmersiveView.swift; sourceTree = "<group>"; };
		FD81D4BD2B6F39B40019F4CE /* ImageBasedLighting.skybox */ = {isa = PBXFileReference; lastKnownFileType = file.skybox; path = ImageBasedLighting.skybox; sourceTree = "<group>"; };
		FD81D4BF2B6F39B50019F4CE /* Assets.xcassets */ = {isa = PBXFileReference; lastKnownFileType = folder.assetcatalog; path = Assets.xcassets; sourceTree = "<group>"; };
		FD81D4C22B6F39B50019F4CE /* Preview Assets.xcassets */ = {isa = PBXFileReference; lastKnownFileType = folder.assetcatalog; path = "Preview Assets.xcassets"; sourceTree = "<group>"; };
		FD81D4C42B6F39B50019F4CE /* Info.plist */ = {isa = PBXFileReference; lastKnownFileType = text.plist.xml; path = Info.plist; sourceTree = "<group>"; };
/* End PBXFileReference section */

/* Begin PBXFrameworksBuildPhase section */
		FD81D4AD2B6F39B40019F4CE /* Frameworks */ = {
			isa = PBXFrameworksBuildPhase;
			buildActionMask = 2147483647;
			files = (
				FD81D4B62B6F39B40019F4CE /* RealityKitContent in Frameworks */,
			);
			runOnlyForDeploymentPostprocessing = 0;
		};
/* End PBXFrameworksBuildPhase section */

/* Begin PBXGroup section */
		FD81D4A72B6F39B40019F4CE = {
			isa = PBXGroup;
			children = (
				FD81D4B22B6F39B40019F4CE /* TestVisionOS */,
				FD81D4B32B6F39B40019F4CE /* Packages */,
				FD81D4B12B6F39B40019F4CE /* Products */,
			);
			sourceTree = "<group>";
		};
		FD81D4B12B6F39B40019F4CE /* Products */ = {
			isa = PBXGroup;
			children = (
				FD81D4B02B6F39B40019F4CE /* TestVisionOS.app */,
			);
			name = Products;
			sourceTree = "<group>";
		};
		FD81D4B22B6F39B40019F4CE /* TestVisionOS */ = {
			isa = PBXGroup;
			children = (
				FD81D4B72B6F39B40019F4CE /* TestVisionOSApp.swift */,
				FD81D4B92B6F39B40019F4CE /* ContentView.swift */,
				FD81D4BB2B6F39B40019F4CE /* ImmersiveView.swift */,
				FD81D4BD2B6F39B40019F4CE /* ImageBasedLighting.skybox */,
				FD81D4BF2B6F39B50019F4CE /* Assets.xcassets */,
				FD81D4C42B6F39B50019F4CE /* Info.plist */,
				FD81D4C12B6F39B50019F4CE /* Preview Content */,
			);
			path = TestVisionOS;
			sourceTree = "<group>";
		};
		FD81D4B32B6F39B40019F4CE /* Packages */ = {
			isa = PBXGroup;
			children = (
				FD81D4B42B6F39B40019F4CE /* RealityKitContent */,
			);
			path = Packages;
			sourceTree = "<group>";
		};
		FD81D4C12B6F39B50019F4CE /* Preview Content */ = {
			isa = PBXGroup;
			children = (
				FD81D4C22B6F39B50019F4CE /* Preview Assets.xcassets */,
			);
			path = "Preview Content";
			sourceTree = "<group>";
		};
/* End PBXGroup section */

/* Begin PBXNativeTarget section */
		FD81D4AF2B6F39B40019F4CE /* TestVisionOS */ = {
			isa = PBXNativeTarget;
			buildConfigurationList = FD81D4C72B6F39B50019F4CE /* Build configuration list for PBXNativeTarget "TestVisionOS" */;
			buildPhases = (
				FD81D4AC2B6F39B40019F4CE /* Sources */,
				FD81D4AD2B6F39B40019F4CE /* Frameworks */,
				FD81D4AE2B6F39B40019F4CE /* Resources */,
			);
			buildRules = (
			);
			dependencies = (
			);
			name = TestVisionOS;
			packageProductDependencies = (
				FD81D4B52B6F39B40019F4CE /* RealityKitContent */,
			);
			productName = TestVisionOS;
			productReference = FD81D4B02B6F39B40019F4CE /* TestVisionOS.app */;
			productType = "com.apple.product-type.application";
		};
/* End PBXNativeTarget section */

/* Begin PBXProject section */
		FD81D4A82B6F39B40019F4CE /* Project object */ = {
			isa = PBXProject;
			attributes = {
				BuildIndependentTargetsInParallel = 1;
				LastSwiftUpdateCheck = 1520;
				LastUpgradeCheck = 1520;
				TargetAttributes = {
					FD81D4AF2B6F39B40019F4CE = {
						CreatedOnToolsVersion = 15.2;
					};
				};
			};
			buildConfigurationList = FD81D4AB2B6F39B40019F4CE /* Build configuration list for PBXProject "TestVisionOS" */;
			compatibilityVersion = "Xcode 14.0";
			developmentRegion = en;
			hasScannedForEncodings = 0;
			knownRegions = (
				en,
				Base,
			);
			mainGroup = FD81D4A72B6F39B40019F4CE;
			productRefGroup = FD81D4B12B6F39B40019F4CE /* Products */;
			projectDirPath = "";
			projectRoot = "";
			targets = (
				FD81D4AF2B6F39B40019F4CE /* TestVisionOS */,
			);
		};
/* End PBXProject section */

/* Begin PBXResourcesBuildPhase section */
		FD81D4AE2B6F39B40019F4CE /* Resources */ = {
			isa = PBXResourcesBuildPhase;
			buildActionMask = 2147483647;
			files = (
				FD81D4C02B6F39B50019F4CE /* Assets.xcassets in Resources */,
				FD81D4C32B6F39B50019F4CE /* Preview Assets.xcassets in Resources */,
				FD81D4BE2B6F39B40019F4CE /* ImageBasedLighting.skybox in Resources */,
			);
			runOnlyForDeploymentPostprocessing = 0;
		};
/* End PBXResourcesBuildPhase section */

/* Begin PBXSourcesBuildPhase section */
		FD81D4AC2B6F39B40019F4CE /* Sources */ = {
			isa = PBXSourcesBuildPhase;
			buildActionMask = 2147483647;
			files = (
				FD81D4BA2B6F39B40019F4CE /* ContentView.swift in Sources */,
				FD81D4B82B6F39B40019F4CE /* TestVisionOSApp.swift in Sources */,
				FD81D4BC2B6F39B40019F4CE /* ImmersiveView.swift in Sources */,
			);
			runOnlyForDeploymentPostprocessing = 0;
		};
/* End PBXSourcesBuildPhase section */

/* Begin XCBuildConfiguration section */
		FD81D4C52B6F39B50019F4CE /* Debug */ = {
			isa = XCBuildConfiguration;
			buildSettings = {
				ALWAYS_SEARCH_USER_PATHS = NO;
				ASSETCATALOG_COMPILER_GENERATE_SWIFT_ASSET_SYMBOL_EXTENSIONS = YES;
				CLANG_ANALYZER_NONNULL = YES;
				CLANG_ANALYZER_NUMBER_OBJECT_CONVERSION = YES_AGGRESSIVE;
				CLANG_CXX_LANGUAGE_STANDARD = "gnu++20";
				CLANG_ENABLE_MODULES = YES;
				CLANG_ENABLE_OBJC_ARC = YES;
				CLANG_ENABLE_OBJC_WEAK = YES;
				CLANG_WARN_BLOCK_CAPTURE_AUTORELEASING = YES;
				CLANG_WARN_BOOL_CONVERSION = YES;
				CLANG_WARN_COMMA = YES;
				CLANG_WARN_CONSTANT_CONVERSION = YES;
				CLANG_WARN_DEPRECATED_OBJC_IMPLEMENTATIONS = YES;
				CLANG_WARN_DIRECT_OBJC_ISA_USAGE = YES_ERROR;
				CLANG_WARN_DOCUMENTATION_COMMENTS = YES;
				CLANG_WARN_EMPTY_BODY = YES;
				CLANG_WARN_ENUM_CONVERSION = YES;
				CLANG_WARN_INFINITE_RECURSION = YES;
				CLANG_WARN_INT_CONVERSION = YES;
				CLANG_WARN_NON_LITERAL_NULL_CONVERSION = YES;
				CLANG_WARN_OBJC_IMPLICIT_RETAIN_SELF = YES;
				CLANG_WARN_OBJC_LITERAL_CONVERSION = YES;
				CLANG_WARN_OBJC_ROOT_CLASS = YES_ERROR;
				CLANG_WARN_QUOTED_INCLUDE_IN_FRAMEWORK_HEADER = YES;
				CLANG_WARN_RANGE_LOOP_ANALYSIS = YES;
				CLANG_WARN_STRICT_PROTOTYPES = YES;
				CLANG_WARN_SUSPICIOUS_MOVE = YES;
				CLANG_WARN_UNGUARDED_AVAILABILITY = YES_AGGRESSIVE;
				CLANG_WARN_UNREACHABLE_CODE = YES;
				CLANG_WARN__DUPLICATE_METHOD_MATCH = YES;
				COPY_PHASE_STRIP = NO;
				DEBUG_INFORMATION_FORMAT = dwarf;
				ENABLE_STRICT_OBJC_MSGSEND = YES;
				ENABLE_TESTABILITY = YES;
				ENABLE_USER_SCRIPT_SANDBOXING = YES;
				GCC_C_LANGUAGE_STANDARD = gnu17;
				GCC_DYNAMIC_NO_PIC = NO;
				GCC_NO_COMMON_BLOCKS = YES;
				GCC_OPTIMIZATION_LEVEL = 0;
				GCC_PREPROCESSOR_DEFINITIONS = (
					"DEBUG=1",
					"$(inherited)",
				);
				GCC_WARN_64_TO_32_BIT_CONVERSION = YES;
				GCC_WARN_ABOUT_RETURN_TYPE = YES_ERROR;
				GCC_WARN_UNDECLARED_SELECTOR = YES;
				GCC_WARN_UNINITIALIZED_AUTOS = YES_AGGRESSIVE;
				GCC_WARN_UNUSED_FUNCTION = YES;
				GCC_WARN_UNUSED_VARIABLE = YES;
				LOCALIZATION_PREFERS_STRING_CATALOGS = YES;
				MTL_ENABLE_DEBUG_INFO = INCLUDE_SOURCE;
				MTL_FAST_MATH = YES;
				ONLY_ACTIVE_ARCH = YES;
				SDKROOT = xros;
				SWIFT_ACTIVE_COMPILATION_CONDITIONS = "DEBUG $(inherited)";
				SWIFT_OPTIMIZATION_LEVEL = "-Onone";
				XROS_DEPLOYMENT_TARGET = 1.0;
			};
			name = Debug;
		};
		FD81D4C62B6F39B50019F4CE /* Release */ = {
			isa = XCBuildConfiguration;
			buildSettings = {
				ALWAYS_SEARCH_USER_PATHS = NO;
				ASSETCATALOG_COMPILER_GENERATE_SWIFT_ASSET_SYMBOL_EXTENSIONS = YES;
				CLANG_ANALYZER_NONNULL = YES;
				CLANG_ANALYZER_NUMBER_OBJECT_CONVERSION = YES_AGGRESSIVE;
				CLANG_CXX_LANGUAGE_STANDARD = "gnu++20";
				CLANG_ENABLE_MODULES = YES;
				CLANG_ENABLE_OBJC_ARC = YES;
				CLANG_ENABLE_OBJC_WEAK = YES;
				CLANG_WARN_BLOCK_CAPTURE_AUTORELEASING = YES;
				CLANG_WARN_BOOL_CONVERSION = YES;
				CLANG_WARN_COMMA = YES;
				CLANG_WARN_CONSTANT_CONVERSION = YES;
				CLANG_WARN_DEPRECATED_OBJC_IMPLEMENTATIONS = YES;
				CLANG_WARN_DIRECT_OBJC_ISA_USAGE = YES_ERROR;
				CLANG_WARN_DOCUMENTATION_COMMENTS = YES;
				CLANG_WARN_EMPTY_BODY = YES;
				CLANG_WARN_ENUM_CONVERSION = YES;
				CLANG_WARN_INFINITE_RECURSION = YES;
				CLANG_WARN_INT_CONVERSION = YES;
				CLANG_WARN_NON_LITERAL_NULL_CONVERSION = YES;
				CLANG_WARN_OBJC_IMPLICIT_RETAIN_SELF = YES;
				CLANG_WARN_OBJC_LITERAL_CONVERSION = YES;
				CLANG_WARN_OBJC_ROOT_CLASS = YES_ERROR;
				CLANG_WARN_QUOTED_INCLUDE_IN_FRAMEWORK_HEADER = YES;
				CLANG_WARN_RANGE_LOOP_ANALYSIS = YES;
				CLANG_WARN_STRICT_PROTOTYPES = YES;
				CLANG_WARN_SUSPICIOUS_MOVE = YES;
				CLANG_WARN_UNGUARDED_AVAILABILITY = YES_AGGRESSIVE;
				CLANG_WARN_UNREACHABLE_CODE = YES;
				CLANG_WARN__DUPLICATE_METHOD_MATCH = YES;
				COPY_PHASE_STRIP = NO;
				DEBUG_INFORMATION_FORMAT = "dwarf-with-dsym";
				ENABLE_NS_ASSERTIONS = NO;
				ENABLE_STRICT_OBJC_MSGSEND = YES;
				ENABLE_USER_SCRIPT_SANDBOXING = YES;
				GCC_C_LANGUAGE_STANDARD = gnu17;
				GCC_NO_COMMON_BLOCKS = YES;
				GCC_WARN_64_TO_32_BIT_CONVERSION = YES;
				GCC_WARN_ABOUT_RETURN_TYPE = YES_ERROR;
				GCC_WARN_UNDECLARED_SELECTOR = YES;
				GCC_WARN_UNINITIALIZED_AUTOS = YES_AGGRESSIVE;
				GCC_WARN_UNUSED_FUNCTION = YES;
				GCC_WARN_UNUSED_VARIABLE = YES;
				LOCALIZATION_PREFERS_STRING_CATALOGS = YES;
				MTL_ENABLE_DEBUG_INFO = NO;
				MTL_FAST_MATH = YES;
				SDKROOT = xros;
				SWIFT_COMPILATION_MODE = wholemodule;
				VALIDATE_PRODUCT = YES;
				XROS_DEPLOYMENT_TARGET = 1.0;
			};
			name = Release;
		};
		FD81D4C82B6F39B50019F4CE /* Debug */ = {
			isa = XCBuildConfiguration;
			buildSettings = {
				ASSETCATALOG_COMPILER_APPICON_NAME = AppIcon;
				ASSETCATALOG_COMPILER_GLOBAL_ACCENT_COLOR_NAME = AccentColor;
				CODE_SIGN_STYLE = Automatic;
				CURRENT_PROJECT_VERSION = 1;
				DEVELOPMENT_ASSET_PATHS = "\"TestVisionOS/Preview Content\"";
				DEVELOPMENT_TEAM = 775ZW43L7V;
				ENABLE_PREVIEWS = YES;
				GENERATE_INFOPLIST_FILE = YES;
				INFOPLIST_FILE = "$(TARGET_NAME)/Info.plist";
				LD_RUNPATH_SEARCH_PATHS = (
					"$(inherited)",
					"@executable_path/Frameworks",
				);
				MARKETING_VERSION = 1.0;
				PRODUCT_BUNDLE_IDENTIFIER = Yasheed1995.TestVisionOS;
				PRODUCT_NAME = "$(TARGET_NAME)";
				SUPPORTED_PLATFORMS = "xros xrsimulator";
				SWIFT_EMIT_LOC_STRINGS = YES;
				SWIFT_VERSION = 5.0;
				TARGETED_DEVICE_FAMILY = "1,2,7";
			};
			name = Debug;
		};
		FD81D4C92B6F39B50019F4CE /* Release */ = {
			isa = XCBuildConfiguration;
			buildSettings = {
				ASSETCATALOG_COMPILER_APPICON_NAME = AppIcon;
				ASSETCATALOG_COMPILER_GLOBAL_ACCENT_COLOR_NAME = AccentColor;
				CODE_SIGN_STYLE = Automatic;
				CURRENT_PROJECT_VERSION = 1;
				DEVELOPMENT_ASSET_PATHS = "\"TestVisionOS/Preview Content\"";
				DEVELOPMENT_TEAM = 775ZW43L7V;
				ENABLE_PREVIEWS = YES;
				GENERATE_INFOPLIST_FILE = YES;
				INFOPLIST_FILE = "$(TARGET_NAME)/Info.plist";
				LD_RUNPATH_SEARCH_PATHS = (
					"$(inherited)",
					"@executable_path/Frameworks",
				);
				MARKETING_VERSION = 1.0;
				PRODUCT_BUNDLE_IDENTIFIER = Yasheed1995.TestVisionOS;
				PRODUCT_NAME = "$(TARGET_NAME)";
				SUPPORTED_PLATFORMS = "xros xrsimulator";
				SWIFT_EMIT_LOC_STRINGS = YES;
				SWIFT_VERSION = 5.0;
				TARGETED_DEVICE_FAMILY = "1,2,7";
			};
			name = Release;
		};
/* End XCBuildConfiguration section */

/* Begin XCConfigurationList section */
		FD81D4AB2B6F39B40019F4CE /* Build configuration list for PBXProject "TestVisionOS" */ = {
			isa = XCConfigurationList;
			buildConfigurations = (
				FD81D4C52B6F39B50019F4CE /* Debug */,
				FD81D4C62B6F39B50019F4CE /* Release */,
			);
			defaultConfigurationIsVisible = 0;
			defaultConfigurationName = Release;
		};
		FD81D4C72B6F39B50019F4CE /* Build configuration list for PBXNativeTarget "TestVisionOS" */ = {
			isa = XCConfigurationList;
			buildConfigurations = (
				FD81D4C82B6F39B50019F4CE /* Debug */,
				FD81D4C92B6F39B50019F4CE /* Release */,
			);
			defaultConfigurationIsVisible = 0;
			defaultConfigurationName = Release;
		};
/* End XCConfigurationList section */

/* Begin XCSwiftPackageProductDependency section */
		FD81D4B52B6F39B40019F4CE /* RealityKitContent */ = {
			isa = XCSwiftPackageProductDependency;
			productName = RealityKitContent;
		};
/* End XCSwiftPackageProductDependency section */
	};
	rootObject = FD81D4A82B6F39B40019F4CE /* Project object */;
}
